
Microsoft Visual Studio Solution File, Format Version 12.00
# Visual Studio 2010
Project("{FAE04EC0-301F-11D3-BF4B-00C04F79EFBC}") = "MPViewer", "MPViewer.csproj", "{0D7610E3-1C91-4FF5-AE05-5992D1A77027}"
EndProject
Global
	GlobalSection(TeamFoundationVersionControl) = preSolution
		SccNumberOfProjects = 2
		SccEnterpriseProvider = {4CA58AB2-18FA-4F8D-95D4-32DDF27D184C}
		SccTeamFoundationServer = http://dellmuscett2:8080/tfs/defaultcollection
		SccLocalPath0 = .
		SccProjectUniqueName1 = MPViewer.csproj
		SccLocalPath1 = .
	EndGlobalSection
	GlobalSection(SolutionConfigurationPlatforms) = preSolution
		Debug|Any CPU = Debug|Any CPU
		Release|Any CPU = Release|Any CPU
	EndGlobalSection
	GlobalSection(ProjectConfigurationPlatforms) = postSolution
		{0D7610E3-1C91-4FF5-AE05-5992D1A77027}.Debug|Any CPU.ActiveCfg = Release|Any CPU
		{0D7610E3-1C91-4FF5-AE05-5992D1A77027}.Debug|Any CPU.Build.0 = Release|Any CPU
		{0D7610E3-1C91-4FF5-AE05-5992D1A77027}.Release|Any CPU.ActiveCfg = Release|Any CPU
		{0D7610E3-1C91-4FF5-AE05-5992D1A77027}.Release|Any CPU.Build.0 = Release|Any CPU
	EndGlobalSection
	GlobalSection(SolutionProperties) = preSolution
		HideSolutionNode = FALSE
	EndGlobalSection
EndGlobal
